
Microsoft Visual Studio Solution File, Format Version 12.00
# Visual Studio 15
VisualStudioVersion = 15.0.28010.2026
MinimumVisualStudioVersion = 10.0.40219.1
Project("{9A19103F-16F7-4668-BE54-9A1E7A4F7556}") = "IAPI_Assembly", "IAPI_Assembly\IAPI_Assembly.csproj", "{C161F98F-B2BB-45FA-A3EA-ABAC7F9C5CB5}"
EndProject
Project("{FAE04EC0-301F-11D3-BF4B-00C04F79EFBC}") = "IAPI_Console", "IAPI_Console\IAPI_Console.csproj", "{F5B6BF24-4142-4132-8CE2-91C028ECFE6E}"
EndProject
Global
	GlobalSection(SolutionConfigurationPlatforms) = preSolution
		Debug|Any CPU = Debug|Any CPU
		Release|Any CPU = Release|Any CPU
	EndGlobalSection
	GlobalSection(ProjectConfigurationPlatforms) = postSolution
		{C161F98F-B2BB-45FA-A3EA-ABAC7F9C5CB5}.Debug|Any CPU.ActiveCfg = Debug|Any CPU
		{C161F98F-B2BB-45FA-A3EA-ABAC7F9C5CB5}.Debug|Any CPU.Build.0 = Debug|Any CPU
		{C161F98F-B2BB-45FA-A3EA-ABAC7F9C5CB5}.Release|Any CPU.ActiveCfg = Release|Any CPU
		{C161F98F-B2BB-45FA-A3EA-ABAC7F9C5CB5}.Release|Any CPU.Build.0 = Release|Any CPU
		{F5B6BF24-4142-4132-8CE2-91C028ECFE6E}.Debug|Any CPU.ActiveCfg = Debug|Any CPU
		{F5B6BF24-4142-4132-8CE2-91C028ECFE6E}.Debug|Any CPU.Build.0 = Debug|Any CPU
		{F5B6BF24-4142-4132-8CE2-91C028ECFE6E}.Release|Any CPU.ActiveCfg = Release|Any CPU
		{F5B6BF24-4142-4132-8CE2-91C028ECFE6E}.Release|Any CPU.Build.0 = Release|Any CPU
	EndGlobalSection
	GlobalSection(SolutionProperties) = preSolution
		HideSolutionNode = FALSE
	EndGlobalSection
	GlobalSection(ExtensibilityGlobals) = postSolution
		SolutionGuid = {ED108524-2DA8-4CBD-BD4E-C48273CAD6DB}
	EndGlobalSection
EndGlobal
